
Microsoft Visual Studio Solution File, Format Version 12.00
# Visual Studio 14
VisualStudioVersion = 14.0.25420.1
MinimumVisualStudioVersion = 10.0.40219.1
Project("{2150E333-8FDC-42A3-9474-1A3956D46DE8}") = "src", "src", "{26B520C2-8EE8-4030-80C9-EFBE25F1420E}"
EndProject
Project("{2150E333-8FDC-42A3-9474-1A3956D46DE8}") = "Solution Items", "Solution Items", "{F060F791-BB5E-494E-A106-D9B2B37FDDCF}"
	ProjectSection(SolutionItems) = preProject
		global.json = global.json
	EndProjectSection
EndProject
Project("{8BB2217D-0F2D-49D1-97BC-3654ED321F3B}") = "PhotoFilter.Web", "src\PhotoFilter.Web\PhotoFilter.Web.xproj", "{9D3EF6B1-C783-4CD0-8B62-F1B2F77A404D}"
EndProject
Project("{FAE04EC0-301F-11D3-BF4B-00C04F79EFBC}") = "PhotoFilter.Job", "src\PhotoFilter.Job\PhotoFilter.Job.csproj", "{179D3EAB-35A6-4FD7-8C1F-04015E550FEA}"
EndProject
Global
	GlobalSection(SolutionConfigurationPlatforms) = preSolution
		Debug|Any CPU = Debug|Any CPU
		Release|Any CPU = Release|Any CPU
	EndGlobalSection
	GlobalSection(ProjectConfigurationPlatforms) = postSolution
		{9D3EF6B1-C783-4CD0-8B62-F1B2F77A404D}.Debug|Any CPU.ActiveCfg = Debug|Any CPU
		{9D3EF6B1-C783-4CD0-8B62-F1B2F77A404D}.Debug|Any CPU.Build.0 = Debug|Any CPU
		{9D3EF6B1-C783-4CD0-8B62-F1B2F77A404D}.Release|Any CPU.ActiveCfg = Release|Any CPU
		{9D3EF6B1-C783-4CD0-8B62-F1B2F77A404D}.Release|Any CPU.Build.0 = Release|Any CPU
		{179D3EAB-35A6-4FD7-8C1F-04015E550FEA}.Debug|Any CPU.ActiveCfg = Debug|Any CPU
		{179D3EAB-35A6-4FD7-8C1F-04015E550FEA}.Debug|Any CPU.Build.0 = Debug|Any CPU
		{179D3EAB-35A6-4FD7-8C1F-04015E550FEA}.Release|Any CPU.ActiveCfg = Release|Any CPU
		{179D3EAB-35A6-4FD7-8C1F-04015E550FEA}.Release|Any CPU.Build.0 = Release|Any CPU
	EndGlobalSection
	GlobalSection(SolutionProperties) = preSolution
		HideSolutionNode = FALSE
	EndGlobalSection
	GlobalSection(NestedProjects) = preSolution
		{9D3EF6B1-C783-4CD0-8B62-F1B2F77A404D} = {26B520C2-8EE8-4030-80C9-EFBE25F1420E}
		{179D3EAB-35A6-4FD7-8C1F-04015E550FEA} = {26B520C2-8EE8-4030-80C9-EFBE25F1420E}
	EndGlobalSection
EndGlobal
